
Microsoft Visual Studio Solution File, Format Version 12.00
# Visual Studio 14
VisualStudioVersion = 14.0.25420.1
MinimumVisualStudioVersion = 10.0.40219.1
Project("{FAE04EC0-301F-11D3-BF4B-00C04F79EFBC}") = "Module1", "Module1\Module1.csproj", "{47438ADF-8F50-44E0-938F-BF8907824D36}"
EndProject
Project("{FAE04EC0-301F-11D3-BF4B-00C04F79EFBC}") = "FoodEquals", "FoodEquals\FoodEquals.csproj", "{4B11B4C4-320B-44AF-AB69-C38F3D287013}"
EndProject
Project("{FAE04EC0-301F-11D3-BF4B-00C04F79EFBC}") = "StringEquals", "StringEquals\StringEquals.csproj", "{56E5EAA5-F5E8-4737-BDD6-8D95164EB745}"
EndProject
Project("{FAE04EC0-301F-11D3-BF4B-00C04F79EFBC}") = "IEquatableInt", "IEquatableInt\IEquatableInt.csproj", "{F0F79EB2-53BA-4376-9419-75EDD93A6800}"
EndProject
Project("{FAE04EC0-301F-11D3-BF4B-00C04F79EFBC}") = "EqualityInt", "EqualityInt\EqualityInt.csproj", "{7D2CEDF8-FD9D-4DF8-884A-979BCBB8F727}"
EndProject
Project("{FAE04EC0-301F-11D3-BF4B-00C04F79EFBC}") = "EqualButtons", "EqualButtons\EqualButtons.csproj", "{F86FDCE6-9398-492B-A3E6-4A2D7DF198C6}"
EndProject
Project("{FAE04EC0-301F-11D3-BF4B-00C04F79EFBC}") = "EqualTuples", "EqualTuples\EqualTuples.csproj", "{8E3D8D10-0A66-40A9-B0FF-FBDFCD8F473D}"
EndProject
Project("{FAE04EC0-301F-11D3-BF4B-00C04F79EFBC}") = "Inheritance", "Inheritance\Inheritance.csproj", "{CFB2B628-8709-4281-AEEE-67D35438041B}"
EndProject
Project("{FAE04EC0-301F-11D3-BF4B-00C04F79EFBC}") = "Generics", "Generics\Generics.csproj", "{266CB1E8-4CDF-49B3-B5C7-80F86DB31AFC}"
EndProject
Project("{2150E333-8FDC-42A3-9474-1A3956D46DE8}") = "Module4", "Module4", "{E165924F-E179-4274-A816-02D06195CF3C}"
EndProject
Project("{FAE04EC0-301F-11D3-BF4B-00C04F79EFBC}") = "ValueTypeEquals", "ValueTypeEquals\ValueTypeEquals.csproj", "{63E9AC1E-B710-4D58-BA5B-E57AC668EE45}"
EndProject
Project("{2150E333-8FDC-42A3-9474-1A3956D46DE8}") = "Module5", "Module5", "{706A5CA5-CD1F-444B-886D-5D39A92F00F7}"
EndProject
Project("{FAE04EC0-301F-11D3-BF4B-00C04F79EFBC}") = "RfTypeEquality", "RfTypeEquality\RfTypeEquality.csproj", "{5290A81F-1883-4900-8899-64EE6ADFA7D1}"
EndProject
Project("{2150E333-8FDC-42A3-9474-1A3956D46DE8}") = "Module6", "Module6", "{0FB0285A-00D7-49CD-BD77-9613CC5A129B}"
EndProject
Project("{FAE04EC0-301F-11D3-BF4B-00C04F79EFBC}") = "StringIntCompare", "StringIntCompare\StringIntCompare.csproj", "{7308060B-571B-4557-AE85-D448F5E78F4C}"
EndProject
Project("{FAE04EC0-301F-11D3-BF4B-00C04F79EFBC}") = "CalorieCountComparer", "CalorieCountComparer\CalorieCountComparer.csproj", "{EA71FBFE-F9A5-4A54-A8BC-1A688EA6E66E}"
EndProject
Project("{2150E333-8FDC-42A3-9474-1A3956D46DE8}") = "Module7", "Module7", "{72E535AE-95E7-40DD-AAC3-49779566F980}"
EndProject
Project("{FAE04EC0-301F-11D3-BF4B-00C04F79EFBC}") = "StringCompareTesting", "StringCompareTesting\StringCompareTesting.csproj", "{7D1B7DF6-9265-4037-AD63-D58F40855AF6}"
EndProject
Project("{FAE04EC0-301F-11D3-BF4B-00C04F79EFBC}") = "CompareStringsDemo", "CompareStringsDemo\CompareStringsDemo.csproj", "{3CEC3FA4-A8E3-412F-96C2-D5C6DCCE32A8}"
EndProject
Project("{FAE04EC0-301F-11D3-BF4B-00C04F79EFBC}") = "StringEquality", "StringEquality\StringEquality.csproj", "{3624621E-3618-42D8-A351-EF2617C930E7}"
EndProject
Project("{2150E333-8FDC-42A3-9474-1A3956D46DE8}") = "Module8", "Module8", "{AF2C558A-C04F-472F-90B0-FF9D0B594521}"
EndProject
Project("{FAE04EC0-301F-11D3-BF4B-00C04F79EFBC}") = "CSharpEquality", "CSharpEquality\CSharpEquality.csproj", "{9AFDC531-998B-4DDD-958B-A0980D6C0904}"
EndProject
Project("{FAE04EC0-301F-11D3-BF4B-00C04F79EFBC}") = "2ndPartFrom96", "2ndPartFrom96\2ndPartFrom96.csproj", "{DA55A76A-C4DF-46C0-9363-3099C3027265}"
EndProject
Project("{FAE04EC0-301F-11D3-BF4B-00C04F79EFBC}") = "SecondLastChapter", "SecondLastChapter\SecondLastChapter.csproj", "{F3CBC443-C53D-44EA-B2D7-5343F390B9DE}"
EndProject
Project("{2150E333-8FDC-42A3-9474-1A3956D46DE8}") = "Module9", "Module9", "{DEDB56CF-A0BF-47A1-A241-9F903646E1D2}"
EndProject
Project("{FAE04EC0-301F-11D3-BF4B-00C04F79EFBC}") = "HaschCode", "HaschCode\HaschCode.csproj", "{FE3C8E65-4A98-458B-8747-EDEFEE5B5E5C}"
EndProject
Project("{2150E333-8FDC-42A3-9474-1A3956D46DE8}") = "Module10", "Module10", "{3901C4F7-64EB-4D0C-8FDC-C1FF1CF5E0E9}"
EndProject
Project("{FAE04EC0-301F-11D3-BF4B-00C04F79EFBC}") = "StructuralEquality", "StructuralEquality\StructuralEquality.csproj", "{3886C429-116C-4925-98C8-A7BB4D7B43BA}"
EndProject
Global
	GlobalSection(SolutionConfigurationPlatforms) = preSolution
		Debug|Any CPU = Debug|Any CPU
		Release|Any CPU = Release|Any CPU
	EndGlobalSection
	GlobalSection(ProjectConfigurationPlatforms) = postSolution
		{47438ADF-8F50-44E0-938F-BF8907824D36}.Debug|Any CPU.ActiveCfg = Debug|Any CPU
		{47438ADF-8F50-44E0-938F-BF8907824D36}.Debug|Any CPU.Build.0 = Debug|Any CPU
		{47438ADF-8F50-44E0-938F-BF8907824D36}.Release|Any CPU.ActiveCfg = Release|Any CPU
		{47438ADF-8F50-44E0-938F-BF8907824D36}.Release|Any CPU.Build.0 = Release|Any CPU
		{4B11B4C4-320B-44AF-AB69-C38F3D287013}.Debug|Any CPU.ActiveCfg = Debug|Any CPU
		{4B11B4C4-320B-44AF-AB69-C38F3D287013}.Debug|Any CPU.Build.0 = Debug|Any CPU
		{4B11B4C4-320B-44AF-AB69-C38F3D287013}.Release|Any CPU.ActiveCfg = Release|Any CPU
		{4B11B4C4-320B-44AF-AB69-C38F3D287013}.Release|Any CPU.Build.0 = Release|Any CPU
		{56E5EAA5-F5E8-4737-BDD6-8D95164EB745}.Debug|Any CPU.ActiveCfg = Debug|Any CPU
		{56E5EAA5-F5E8-4737-BDD6-8D95164EB745}.Debug|Any CPU.Build.0 = Debug|Any CPU
		{56E5EAA5-F5E8-4737-BDD6-8D95164EB745}.Release|Any CPU.ActiveCfg = Release|Any CPU
		{56E5EAA5-F5E8-4737-BDD6-8D95164EB745}.Release|Any CPU.Build.0 = Release|Any CPU
		{F0F79EB2-53BA-4376-9419-75EDD93A6800}.Debug|Any CPU.ActiveCfg = Debug|Any CPU
		{F0F79EB2-53BA-4376-9419-75EDD93A6800}.Debug|Any CPU.Build.0 = Debug|Any CPU
		{F0F79EB2-53BA-4376-9419-75EDD93A6800}.Release|Any CPU.ActiveCfg = Release|Any CPU
		{F0F79EB2-53BA-4376-9419-75EDD93A6800}.Release|Any CPU.Build.0 = Release|Any CPU
		{7D2CEDF8-FD9D-4DF8-884A-979BCBB8F727}.Debug|Any CPU.ActiveCfg = Debug|Any CPU
		{7D2CEDF8-FD9D-4DF8-884A-979BCBB8F727}.Debug|Any CPU.Build.0 = Debug|Any CPU
		{7D2CEDF8-FD9D-4DF8-884A-979BCBB8F727}.Release|Any CPU.ActiveCfg = Release|Any CPU
		{7D2CEDF8-FD9D-4DF8-884A-979BCBB8F727}.Release|Any CPU.Build.0 = Release|Any CPU
		{F86FDCE6-9398-492B-A3E6-4A2D7DF198C6}.Debug|Any CPU.ActiveCfg = Debug|Any CPU
		{F86FDCE6-9398-492B-A3E6-4A2D7DF198C6}.Debug|Any CPU.Build.0 = Debug|Any CPU
		{F86FDCE6-9398-492B-A3E6-4A2D7DF198C6}.Release|Any CPU.ActiveCfg = Release|Any CPU
		{F86FDCE6-9398-492B-A3E6-4A2D7DF198C6}.Release|Any CPU.Build.0 = Release|Any CPU
		{8E3D8D10-0A66-40A9-B0FF-FBDFCD8F473D}.Debug|Any CPU.ActiveCfg = Debug|Any CPU
		{8E3D8D10-0A66-40A9-B0FF-FBDFCD8F473D}.Debug|Any CPU.Build.0 = Debug|Any CPU
		{8E3D8D10-0A66-40A9-B0FF-FBDFCD8F473D}.Release|Any CPU.ActiveCfg = Release|Any CPU
		{8E3D8D10-0A66-40A9-B0FF-FBDFCD8F473D}.Release|Any CPU.Build.0 = Release|Any CPU
		{CFB2B628-8709-4281-AEEE-67D35438041B}.Debug|Any CPU.ActiveCfg = Debug|Any CPU
		{CFB2B628-8709-4281-AEEE-67D35438041B}.Debug|Any CPU.Build.0 = Debug|Any CPU
		{CFB2B628-8709-4281-AEEE-67D35438041B}.Release|Any CPU.ActiveCfg = Release|Any CPU
		{CFB2B628-8709-4281-AEEE-67D35438041B}.Release|Any CPU.Build.0 = Release|Any CPU
		{266CB1E8-4CDF-49B3-B5C7-80F86DB31AFC}.Debug|Any CPU.ActiveCfg = Debug|Any CPU
		{266CB1E8-4CDF-49B3-B5C7-80F86DB31AFC}.Debug|Any CPU.Build.0 = Debug|Any CPU
		{266CB1E8-4CDF-49B3-B5C7-80F86DB31AFC}.Release|Any CPU.ActiveCfg = Release|Any CPU
		{266CB1E8-4CDF-49B3-B5C7-80F86DB31AFC}.Release|Any CPU.Build.0 = Release|Any CPU
		{63E9AC1E-B710-4D58-BA5B-E57AC668EE45}.Debug|Any CPU.ActiveCfg = Debug|Any CPU
		{63E9AC1E-B710-4D58-BA5B-E57AC668EE45}.Debug|Any CPU.Build.0 = Debug|Any CPU
		{63E9AC1E-B710-4D58-BA5B-E57AC668EE45}.Release|Any CPU.ActiveCfg = Release|Any CPU
		{63E9AC1E-B710-4D58-BA5B-E57AC668EE45}.Release|Any CPU.Build.0 = Release|Any CPU
		{5290A81F-1883-4900-8899-64EE6ADFA7D1}.Debug|Any CPU.ActiveCfg = Debug|Any CPU
		{5290A81F-1883-4900-8899-64EE6ADFA7D1}.Debug|Any CPU.Build.0 = Debug|Any CPU
		{5290A81F-1883-4900-8899-64EE6ADFA7D1}.Release|Any CPU.ActiveCfg = Release|Any CPU
		{5290A81F-1883-4900-8899-64EE6ADFA7D1}.Release|Any CPU.Build.0 = Release|Any CPU
		{7308060B-571B-4557-AE85-D448F5E78F4C}.Debug|Any CPU.ActiveCfg = Debug|Any CPU
		{7308060B-571B-4557-AE85-D448F5E78F4C}.Debug|Any CPU.Build.0 = Debug|Any CPU
		{7308060B-571B-4557-AE85-D448F5E78F4C}.Release|Any CPU.ActiveCfg = Release|Any CPU
		{7308060B-571B-4557-AE85-D448F5E78F4C}.Release|Any CPU.Build.0 = Release|Any CPU
		{EA71FBFE-F9A5-4A54-A8BC-1A688EA6E66E}.Debug|Any CPU.ActiveCfg = Debug|Any CPU
		{EA71FBFE-F9A5-4A54-A8BC-1A688EA6E66E}.Debug|Any CPU.Build.0 = Debug|Any CPU
		{EA71FBFE-F9A5-4A54-A8BC-1A688EA6E66E}.Release|Any CPU.ActiveCfg = Release|Any CPU
		{EA71FBFE-F9A5-4A54-A8BC-1A688EA6E66E}.Release|Any CPU.Build.0 = Release|Any CPU
		{7D1B7DF6-9265-4037-AD63-D58F40855AF6}.Debug|Any CPU.ActiveCfg = Debug|Any CPU
		{7D1B7DF6-9265-4037-AD63-D58F40855AF6}.Debug|Any CPU.Build.0 = Debug|Any CPU
		{7D1B7DF6-9265-4037-AD63-D58F40855AF6}.Release|Any CPU.ActiveCfg = Release|Any CPU
		{7D1B7DF6-9265-4037-AD63-D58F40855AF6}.Release|Any CPU.Build.0 = Release|Any CPU
		{3CEC3FA4-A8E3-412F-96C2-D5C6DCCE32A8}.Debug|Any CPU.ActiveCfg = Debug|Any CPU
		{3CEC3FA4-A8E3-412F-96C2-D5C6DCCE32A8}.Debug|Any CPU.Build.0 = Debug|Any CPU
		{3CEC3FA4-A8E3-412F-96C2-D5C6DCCE32A8}.Release|Any CPU.ActiveCfg = Release|Any CPU
		{3CEC3FA4-A8E3-412F-96C2-D5C6DCCE32A8}.Release|Any CPU.Build.0 = Release|Any CPU
		{3624621E-3618-42D8-A351-EF2617C930E7}.Debug|Any CPU.ActiveCfg = Debug|Any CPU
		{3624621E-3618-42D8-A351-EF2617C930E7}.Debug|Any CPU.Build.0 = Debug|Any CPU
		{3624621E-3618-42D8-A351-EF2617C930E7}.Release|Any CPU.ActiveCfg = Release|Any CPU
		{3624621E-3618-42D8-A351-EF2617C930E7}.Release|Any CPU.Build.0 = Release|Any CPU
		{9AFDC531-998B-4DDD-958B-A0980D6C0904}.Debug|Any CPU.ActiveCfg = Debug|Any CPU
		{9AFDC531-998B-4DDD-958B-A0980D6C0904}.Debug|Any CPU.Build.0 = Debug|Any CPU
		{9AFDC531-998B-4DDD-958B-A0980D6C0904}.Release|Any CPU.ActiveCfg = Release|Any CPU
		{9AFDC531-998B-4DDD-958B-A0980D6C0904}.Release|Any CPU.Build.0 = Release|Any CPU
		{DA55A76A-C4DF-46C0-9363-3099C3027265}.Debug|Any CPU.ActiveCfg = Debug|Any CPU
		{DA55A76A-C4DF-46C0-9363-3099C3027265}.Debug|Any CPU.Build.0 = Debug|Any CPU
		{DA55A76A-C4DF-46C0-9363-3099C3027265}.Release|Any CPU.ActiveCfg = Release|Any CPU
		{DA55A76A-C4DF-46C0-9363-3099C3027265}.Release|Any CPU.Build.0 = Release|Any CPU
		{F3CBC443-C53D-44EA-B2D7-5343F390B9DE}.Debug|Any CPU.ActiveCfg = Debug|Any CPU
		{F3CBC443-C53D-44EA-B2D7-5343F390B9DE}.Debug|Any CPU.Build.0 = Debug|Any CPU
		{F3CBC443-C53D-44EA-B2D7-5343F390B9DE}.Release|Any CPU.ActiveCfg = Release|Any CPU
		{F3CBC443-C53D-44EA-B2D7-5343F390B9DE}.Release|Any CPU.Build.0 = Release|Any CPU
		{FE3C8E65-4A98-458B-8747-EDEFEE5B5E5C}.Debug|Any CPU.ActiveCfg = Debug|Any CPU
		{FE3C8E65-4A98-458B-8747-EDEFEE5B5E5C}.Debug|Any CPU.Build.0 = Debug|Any CPU
		{FE3C8E65-4A98-458B-8747-EDEFEE5B5E5C}.Release|Any CPU.ActiveCfg = Release|Any CPU
		{FE3C8E65-4A98-458B-8747-EDEFEE5B5E5C}.Release|Any CPU.Build.0 = Release|Any CPU
		{3886C429-116C-4925-98C8-A7BB4D7B43BA}.Debug|Any CPU.ActiveCfg = Debug|Any CPU
		{3886C429-116C-4925-98C8-A7BB4D7B43BA}.Debug|Any CPU.Build.0 = Debug|Any CPU
		{3886C429-116C-4925-98C8-A7BB4D7B43BA}.Release|Any CPU.ActiveCfg = Release|Any CPU
		{3886C429-116C-4925-98C8-A7BB4D7B43BA}.Release|Any CPU.Build.0 = Release|Any CPU
	EndGlobalSection
	GlobalSection(SolutionProperties) = preSolution
		HideSolutionNode = FALSE
	EndGlobalSection
	GlobalSection(NestedProjects) = preSolution
		{63E9AC1E-B710-4D58-BA5B-E57AC668EE45} = {E165924F-E179-4274-A816-02D06195CF3C}
		{5290A81F-1883-4900-8899-64EE6ADFA7D1} = {706A5CA5-CD1F-444B-886D-5D39A92F00F7}
		{7308060B-571B-4557-AE85-D448F5E78F4C} = {0FB0285A-00D7-49CD-BD77-9613CC5A129B}
		{EA71FBFE-F9A5-4A54-A8BC-1A688EA6E66E} = {0FB0285A-00D7-49CD-BD77-9613CC5A129B}
		{7D1B7DF6-9265-4037-AD63-D58F40855AF6} = {72E535AE-95E7-40DD-AAC3-49779566F980}
		{3CEC3FA4-A8E3-412F-96C2-D5C6DCCE32A8} = {72E535AE-95E7-40DD-AAC3-49779566F980}
		{3624621E-3618-42D8-A351-EF2617C930E7} = {72E535AE-95E7-40DD-AAC3-49779566F980}
		{9AFDC531-998B-4DDD-958B-A0980D6C0904} = {AF2C558A-C04F-472F-90B0-FF9D0B594521}
		{DA55A76A-C4DF-46C0-9363-3099C3027265} = {AF2C558A-C04F-472F-90B0-FF9D0B594521}
		{F3CBC443-C53D-44EA-B2D7-5343F390B9DE} = {AF2C558A-C04F-472F-90B0-FF9D0B594521}
		{FE3C8E65-4A98-458B-8747-EDEFEE5B5E5C} = {DEDB56CF-A0BF-47A1-A241-9F903646E1D2}
		{3886C429-116C-4925-98C8-A7BB4D7B43BA} = {3901C4F7-64EB-4D0C-8FDC-C1FF1CF5E0E9}
	EndGlobalSection
EndGlobal
